// !$*UTF8*$!
{
	archiveVersion = 1;
	classes = {
	};
	objectVersion = 77;
	objects = {

/* Begin PBXBuildFile section */
		18B846A55E4B3DCEAA5902DF /* ApplicationRequirementsV2Models.swift in Sources */ = {isa = PBXBuildFile; fileRef = 33817BBEAC6878E4B53BA2FF /* ApplicationRequirementsV2Models.swift */; };
		678B33F9BAE8D7DE624C839F /* ProgramDocumentModel.swift in Sources */ = {isa = PBXBuildFile; fileRef = 3DAC53F97F0A67CBF0EA3D6A /* ProgramDocumentModel.swift */; };
		06030142C6F205ACF47858E2 /* ApplicationDocumentModels.swift in Sources */ = {isa = PBXBuildFile; fileRef = 83B4B045022FB2366447C242 /* ApplicationDocumentModels.swift */; };
		8D13EDC0F4A3BED08BFA66F4 /* ApplicationDocumentPending.swift in Sources */ = {isa = PBXBuildFile; fileRef = 48740F32E5051E92CC6DADCC /* ApplicationDocumentPending.swift */; };
		3501B60D54767B7B2C0D78E0 /* ApplicationDocumentUpload.swift in Sources */ = {isa = PBXBuildFile; fileRef = C92CA7B2706BCA37C69E6992 /* ApplicationDocumentUpload.swift */; };
		FE984196DDD7F198F7F8F537 /* ProgramPreparationView.swift in Sources */ = {isa = PBXBuildFile; fileRef = E508E8B1903A4D09727E4EDB /* ProgramPreparationView.swift */; };
		8118328FA3D7EE9DD5661A29 /* ProgramDocumentView.swift in Sources */ = {isa = PBXBuildFile; fileRef = B5EFCE58147C0428B12FC9C3 /* ProgramDocumentView.swift */; };
		268B55CAB53934F91E7C3663 /* ProgramPreparationModel.swift in Sources */ = {isa = PBXBuildFile; fileRef = AE1E1D75F17DDF69F8E00090 /* ProgramPreparationModel.swift */; };
		00EBCE30DF311481020AEED7 /* UniversityMapPolicyTests.swift in Sources */ = {isa = PBXBuildFile; fileRef = A33583B4A63163BC921202D4 /* UniversityMapPolicyTests.swift */; };
		01FB4E094D31EAEAD30B2FE9 /* UniversityCatalogDecodingTests.swift in Sources */ = {isa = PBXBuildFile; fileRef = 259534FBC548CC28EA94B382 /* UniversityCatalogDecodingTests.swift */; };
		03F44A928A909E18EA45639A /* AssessmentModels.swift in Sources */ = {isa = PBXBuildFile; fileRef = 28BB6E2A9F0AE5B2D2B2B0C2 /* AssessmentModels.swift */; };
		065D3387E3057F66A131EE28 /* university-photo-library.json in Resources */ = {isa = PBXBuildFile; fileRef = 47EC7DEB3936306868625BE9 /* university-photo-library.json */; };
		0B6E1DB60F041F79F04120F0 /* LearningRunnerModels.swift in Sources */ = {isa = PBXBuildFile; fileRef = 2579774CB30D852880D29F40 /* LearningRunnerModels.swift */; };
		0BE64931A15FA67CCB0DB622 /* MessagesThreadView.swift in Sources */ = {isa = PBXBuildFile; fileRef = EC32638A6EB200A2EF0217B0 /* MessagesThreadView.swift */; };
		10E26CC17AB500306B18ED61 /* Localizable.xcstrings in Resources */ = {isa = PBXBuildFile; fileRef = 005949937B65067CD79CB062 /* Localizable.xcstrings */; };
		1222A15119C6462E6410FCFF /* PortalCaseChatDecodingTests.swift in Sources */ = {isa = PBXBuildFile; fileRef = B689B5D15EBAEBDE59C83A64 /* PortalCaseChatDecodingTests.swift */; };
		13ECC54C2538C82C8D6041D4 /* AdmissionPolicyTests.swift in Sources */ = {isa = PBXBuildFile; fileRef = 2C0754946AA1F39422CD49E6 /* AdmissionPolicyTests.swift */; };
		1562156C0AA72ABE83543FA6 /* AccessPendingView.swift in Sources */ = {isa = PBXBuildFile; fileRef = 5036B63945D738592B84D329 /* AccessPendingView.swift */; };
		16CCE941413181944BF10D95 /* AssessmentResultView.swift in Sources */ = {isa = PBXBuildFile; fileRef = 280E923C4B1D8CC4E01905E0 /* AssessmentResultView.swift */; };
		18286AF5B327A304BAE546DB /* ProfileView.swift in Sources */ = {isa = PBXBuildFile; fileRef = 6054711F5C4F26BE7B0903F9 /* ProfileView.swift */; };
		1BDC9CAAAABDAA7C6E7FA15B /* UniversityMapPolicy.swift in Sources */ = {isa = PBXBuildFile; fileRef = D6D0DCF549065FDBFC3000A7 /* UniversityMapPolicy.swift */; };
		2113273D75E7D064E2AF1115 /* UniversityCatalogFilterPolicy.swift in Sources */ = {isa = PBXBuildFile; fileRef = 10D552D1FAB72B356FDF47B8 /* UniversityCatalogFilterPolicy.swift */; };
		2AB8613C508450F9DB82FA37 /* CatalogPreparationModels.swift in Sources */ = {isa = PBXBuildFile; fileRef = DC70F12739DB63D364874A99 /* CatalogPreparationModels.swift */; };
		337B5C2E9571C48347652970 /* ApplicationRequirementsModels.swift in Sources */ = {isa = PBXBuildFile; fileRef = 7FE33C27219C730ACC8BE309 /* ApplicationRequirementsModels.swift */; };
		2EBF539E80CC079239E5AD98 /* ProfessionDecodingTests.swift in Sources */ = {isa = PBXBuildFile; fileRef = C1649B16320704E7A7DCB7DC /* ProfessionDecodingTests.swift */; };
		2F5CBCD5E81892EAB2A05255 /* ProfessionModels.swift in Sources */ = {isa = PBXBuildFile; fileRef = 1E3A48D9B01EEF280AD9AD95 /* ProfessionModels.swift */; };
		381095ABB7804218C6DAB59F /* AdmissionModels.swift in Sources */ = {isa = PBXBuildFile; fileRef = B32E74D315F6147AFDA53377 /* AdmissionModels.swift */; };
		387AEEB179AE91F1D8DEF13B /* PortalModels.swift in Sources */ = {isa = PBXBuildFile; fileRef = A9DA536AE40E6D000522F975 /* PortalModels.swift */; };
		3BAACC081C08224382CAD018 /* EnglishView.swift in Sources */ = {isa = PBXBuildFile; fileRef = 8D38E00F8D964FE4DCDA857C /* EnglishView.swift */; };
		3DC1B17D442042B0F376579D /* ApplicationIntakeModels.swift in Sources */ = {isa = PBXBuildFile; fileRef = 91DA8F62CFB34037771B79D1 /* ApplicationIntakeModels.swift */; };
		3DE318749F4464ADE57243AE /* AdmissionPaymentsView.swift in Sources */ = {isa = PBXBuildFile; fileRef = A4ACE09B251B10B667AC566E /* AdmissionPaymentsView.swift */; };
		3E03D82AE38652963B61B3CA /* TestsView.swift in Sources */ = {isa = PBXBuildFile; fileRef = 54AA13F5351C06938BB99E9E /* TestsView.swift */; };
		432F8EDE8A7DA0FDA84CAA18 /* UniversityDetailView.swift in Sources */ = {isa = PBXBuildFile; fileRef = 90729578002EEEABF3DBADAB /* UniversityDetailView.swift */; };
		45DE16AD4C98B00179939449 /* NetworkErrorView.swift in Sources */ = {isa = PBXBuildFile; fileRef = 4FC2E212C9C2D1F53C6A3F68 /* NetworkErrorView.swift */; };
		48954EF3BCE4088708D2D5C3 /* HomeView.swift in Sources */ = {isa = PBXBuildFile; fileRef = 6092FB55F132DB487AC29A36 /* HomeView.swift */; };
		4A002EA2B19B55E82B92C40F /* PortalCaseChatPolicyTests.swift in Sources */ = {isa = PBXBuildFile; fileRef = B863F1ACCC11C2F3BCC68A06 /* PortalCaseChatPolicyTests.swift */; };
		4B719C2CF1A19ED986419366 /* Assets.xcassets in Resources */ = {isa = PBXBuildFile; fileRef = CDF92CA04A21A199DB841591 /* Assets.xcassets */; };
		4FDB07F9FCB81D2A489DBAE6 /* FavoritesModels.swift in Sources */ = {isa = PBXBuildFile; fileRef = B96E6200B0A5AA1809D60313 /* FavoritesModels.swift */; };
		536A1FDE3C876ACD83B4027C /* UniversityGeoLibrary.swift in Sources */ = {isa = PBXBuildFile; fileRef = 99BAE80FF87DB4110F926ADA /* UniversityGeoLibrary.swift */; };
		55735C5D56A1A6745E34344E /* AdmissionDecodingTests.swift in Sources */ = {isa = PBXBuildFile; fileRef = 2048D03494EC2DE914707DC2 /* AdmissionDecodingTests.swift */; };
		581F1E43B1C6A533A50176A2 /* ApplicationIntakePolicy.swift in Sources */ = {isa = PBXBuildFile; fileRef = DD0867288823B7DC31CC77AD /* ApplicationIntakePolicy.swift */; };
		597500B4D15B7351BC429F3B /* UniversityCatalogFilterPolicyTests.swift in Sources */ = {isa = PBXBuildFile; fileRef = F4B21D0A664C40CAA299E1E4 /* UniversityCatalogFilterPolicyTests.swift */; };
		59B21A8C1C9F6F936AFD8736 /* PortalDocumentTransfer.swift in Sources */ = {isa = PBXBuildFile; fileRef = 758CE9514FF1F6A618FAD396 /* PortalDocumentTransfer.swift */; };
		5B37FDF1951EC509C0497FDD /* ConsultationRequestSheet.swift in Sources */ = {isa = PBXBuildFile; fileRef = 9845A78AE9B20B223C061480 /* ConsultationRequestSheet.swift */; };
		6173408AFBCABC55C1099B19 /* UniversityCatalogFilterPolicy.swift in Sources */ = {isa = PBXBuildFile; fileRef = 10D552D1FAB72B356FDF47B8 /* UniversityCatalogFilterPolicy.swift */; };
		6371C3C679EC1357FC8D0336 /* PortalDocumentTransfer.swift in Sources */ = {isa = PBXBuildFile; fileRef = 758CE9514FF1F6A618FAD396 /* PortalDocumentTransfer.swift */; };
		63B6F85BC6BFCBFC7A3065C1 /* AdmissionDocumentsView.swift in Sources */ = {isa = PBXBuildFile; fileRef = 2E398B3E2F9B79A923367AEB /* AdmissionDocumentsView.swift */; };
		6629B0AAAFDFDB6C2FD70F0B /* ProfessionModels.swift in Sources */ = {isa = PBXBuildFile; fileRef = 1E3A48D9B01EEF280AD9AD95 /* ProfessionModels.swift */; };
		671BDE2361121A13CCA82DDA /* ConsultationDecodingTests.swift in Sources */ = {isa = PBXBuildFile; fileRef = AD470A4B4BA2C62E1BB38F1B /* ConsultationDecodingTests.swift */; };
		677BBCDC93F50C25948F0427 /* ApplicationIntakePolicy.swift in Sources */ = {isa = PBXBuildFile; fileRef = DD0867288823B7DC31CC77AD /* ApplicationIntakePolicy.swift */; };
		6A90423B0FDC0890A5A43756 /* UniversityPhotoLibraryTests.swift in Sources */ = {isa = PBXBuildFile; fileRef = 1138EB3C6CFD2299FADB8FB4 /* UniversityPhotoLibraryTests.swift */; };
		6F0D140939ADB6FFC3F90AEE /* PostgresTimestamp.swift in Sources */ = {isa = PBXBuildFile; fileRef = 31E42E055A1861064FDAF390 /* PostgresTimestamp.swift */; };
		71912926529D4AB2D7BA071D /* university-geo-library.json in Resources */ = {isa = PBXBuildFile; fileRef = AE59581B9A18399AA3618C63 /* university-geo-library.json */; };
		7EB7366B1B43CE792C680F3A /* RootView.swift in Sources */ = {isa = PBXBuildFile; fileRef = CC77892DE13ABBA6FF91B1B4 /* RootView.swift */; };
		80569B51A7100E76B4507423 /* ApplicationIntakeDecodingTests.swift in Sources */ = {isa = PBXBuildFile; fileRef = C1E8A27182FF5420B32FD8F7 /* ApplicationIntakeDecodingTests.swift */; };
		8A1DD2AA9A83807C86BFB0C0 /* UniversityGeoLibrary.swift in Sources */ = {isa = PBXBuildFile; fileRef = 99BAE80FF87DB4110F926ADA /* UniversityGeoLibrary.swift */; };
		8B7D5D867479EA13E221476B /* ApplicationIntakePolicyTests.swift in Sources */ = {isa = PBXBuildFile; fileRef = 1182F909B386806025876B19 /* ApplicationIntakePolicyTests.swift */; };
		8D56FCF9C0D283BA87289851 /* LearningRunnerDecodingTests.swift in Sources */ = {isa = PBXBuildFile; fileRef = B973A8C4875BF474F9AA2FA7 /* LearningRunnerDecodingTests.swift */; };
		8DB1530036AD219621D169B0 /* ApplicationIntakeTransfer.swift in Sources */ = {isa = PBXBuildFile; fileRef = 12EC9356EC02D17EF1D12164 /* ApplicationIntakeTransfer.swift */; };
		8EDF7EA8F721F4F8A12E6532 /* Supabase in Frameworks */ = {isa = PBXBuildFile; productRef = 2F2B8B40F10FF70688FD83B9 /* Supabase */; };
		907D53954A4D0A49C8D9C74E /* PortalProfileModels.swift in Sources */ = {isa = PBXBuildFile; fileRef = 1748B57341B5875DDEAC04BB /* PortalProfileModels.swift */; };
		92ABBB46D6C78E6254FF0F02 /* PortalProfileModels.swift in Sources */ = {isa = PBXBuildFile; fileRef = 1748B57341B5875DDEAC04BB /* PortalProfileModels.swift */; };
		93B0DE25C385F583F6D44487 /* UniversityGeoLibraryTests.swift in Sources */ = {isa = PBXBuildFile; fileRef = 72846D94CB1FCC708DFB3A83 /* UniversityGeoLibraryTests.swift */; };
		95CD815AE4E37B4ED161141E /* EVOAdmissionsApp.swift in Sources */ = {isa = PBXBuildFile; fileRef = 9A06AEC430C456B54301DDB0 /* EVOAdmissionsApp.swift */; };
		99063D3940153E29B5AA8909 /* SupabaseService.swift in Sources */ = {isa = PBXBuildFile; fileRef = 17B36978FE6CEE29DDAC580E /* SupabaseService.swift */; };
		9F0D38C82C7EAE76504ADA83 /* LearningModels.swift in Sources */ = {isa = PBXBuildFile; fileRef = D8F3E3772ADCC2E62305E0B8 /* LearningModels.swift */; };
		A33A7B570BFD41CAF763E0D7 /* AssessmentRunnerView.swift in Sources */ = {isa = PBXBuildFile; fileRef = F634042E3C8EAB9AB55726EE /* AssessmentRunnerView.swift */; };
		A58A3762C665294A1745FEC6 /* ApplicationWizardView.swift in Sources */ = {isa = PBXBuildFile; fileRef = 269383B7228C391B0852E9FD /* ApplicationWizardView.swift */; };
		AF234FDE29868AEC7808392B /* ConsultationModels.swift in Sources */ = {isa = PBXBuildFile; fileRef = A437F63DD1A066A64F901E16 /* ConsultationModels.swift */; };
		B15EAF7230531E1A6751767C /* AdmissionNotificationsView.swift in Sources */ = {isa = PBXBuildFile; fileRef = CA3BFC92CF9E0C2AB6E27D16 /* AdmissionNotificationsView.swift */; };
		B1DC6A73ED10736AFB626CA8 /* LearningDecodingTests.swift in Sources */ = {isa = PBXBuildFile; fileRef = 79B0F15B1070867453F272AE /* LearningDecodingTests.swift */; };
		B63BE4229E1A2AEB727C94F3 /* SingleFlightReloadGateTests.swift in Sources */ = {isa = PBXBuildFile; fileRef = 7C45BD325EAB111B163381DE /* SingleFlightReloadGateTests.swift */; };
		B687504536672E433587D296 /* SingleFlightReloadGate.swift in Sources */ = {isa = PBXBuildFile; fileRef = B45A9EBC17D0B3D7A1B639FB /* SingleFlightReloadGate.swift */; };
		B69DD3CC2FECC06D17808BAB /* SignInView.swift in Sources */ = {isa = PBXBuildFile; fileRef = 45852421E9DCACAC63246FF9 /* SignInView.swift */; };
		B7782A31DA97FA6DE6A80A3C /* FavoritesModels.swift in Sources */ = {isa = PBXBuildFile; fileRef = B96E6200B0A5AA1809D60313 /* FavoritesModels.swift */; };
		B78A4283ECF32D133774F200 /* AssessmentDecodingTests.swift in Sources */ = {isa = PBXBuildFile; fileRef = B57DCF3E0DB377302EEF8CBD /* AssessmentDecodingTests.swift */; };
		B9901A282B3AA92D8EDF83D4 /* LearningRunnerModels.swift in Sources */ = {isa = PBXBuildFile; fileRef = 2579774CB30D852880D29F40 /* LearningRunnerModels.swift */; };
		BF4A0970AA9425F03A0A2D41 /* university-photo-library.json in Resources */ = {isa = PBXBuildFile; fileRef = 47EC7DEB3936306868625BE9 /* university-photo-library.json */; };
		C06B819DB3A34C38FFD852FD /* ApplicationIntakeTransfer.swift in Sources */ = {isa = PBXBuildFile; fileRef = 12EC9356EC02D17EF1D12164 /* ApplicationIntakeTransfer.swift */; };
		C3B4FCB7F47E3265DF94166E /* PortalModels.swift in Sources */ = {isa = PBXBuildFile; fileRef = A9DA536AE40E6D000522F975 /* PortalModels.swift */; };
		C48A08D145638EFFBC5FCDCA /* AppConfig.swift in Sources */ = {isa = PBXBuildFile; fileRef = 122B8F39ABA8651CEF454758 /* AppConfig.swift */; };
		C4F6A08A70F5252A28C6B2E3 /* MyAdmissionView.swift in Sources */ = {isa = PBXBuildFile; fileRef = 4D66D111BD4BE6F0AFF76ADC /* MyAdmissionView.swift */; };
		C53B666A03158F0CE806EF28 /* PortalProfileDecodingTests.swift in Sources */ = {isa = PBXBuildFile; fileRef = 0B849158C9D6896582F6522A /* PortalProfileDecodingTests.swift */; };
		CCF485A32444DB98E3E685E9 /* ProfileLanguagePolicyTests.swift in Sources */ = {isa = PBXBuildFile; fileRef = 1C223846B4B1CA8906A605E8 /* ProfileLanguagePolicyTests.swift */; };
		CF2D2E0E22170543B0179AFB /* ApplicationStatusView.swift in Sources */ = {isa = PBXBuildFile; fileRef = 80F438CFFD677C2DE858F295 /* ApplicationStatusView.swift */; };
		D25B6A3BE454004A57D2D1A4 /* AssessmentModels.swift in Sources */ = {isa = PBXBuildFile; fileRef = 28BB6E2A9F0AE5B2D2B2B0C2 /* AssessmentModels.swift */; };
		D341E2B8E30CF10EFC9FB52C /* SingleFlightReloadGate.swift in Sources */ = {isa = PBXBuildFile; fileRef = B45A9EBC17D0B3D7A1B639FB /* SingleFlightReloadGate.swift */; };
		D38251318F18868A0F5BAEBE /* ConsultationModels.swift in Sources */ = {isa = PBXBuildFile; fileRef = A437F63DD1A066A64F901E16 /* ConsultationModels.swift */; };
		D4432D06FA2A6B58FC20C4EB /* ProfessionsView.swift in Sources */ = {isa = PBXBuildFile; fileRef = 995A1A73307F3D08D8A479EF /* ProfessionsView.swift */; };
		DC6FFE100BC9210E4ACE3302 /* PortalCaseChatModels.swift in Sources */ = {isa = PBXBuildFile; fileRef = 30410E2669DCC35D7ADEAE99 /* PortalCaseChatModels.swift */; };
		DD01779BA21F742032A28C7B /* FavoritesView.swift in Sources */ = {isa = PBXBuildFile; fileRef = 992C64D40371C809060D0EDA /* FavoritesView.swift */; };
		DE08387F5B3F227CEF2F53F5 /* ApplicationIntakeModels.swift in Sources */ = {isa = PBXBuildFile; fileRef = 91DA8F62CFB34037771B79D1 /* ApplicationIntakeModels.swift */; };
		E721A2A6AA1D9B2B0EB8A922 /* LearningRunnerPolicyTests.swift in Sources */ = {isa = PBXBuildFile; fileRef = 7A9A04DD0B9D506D1216F399 /* LearningRunnerPolicyTests.swift */; };
		E7A76AA83BDDA764C68E476B /* PostgresTimestamp.swift in Sources */ = {isa = PBXBuildFile; fileRef = 31E42E055A1861064FDAF390 /* PostgresTimestamp.swift */; };
		E888B48F60C5AFA74A4C9A98 /* UniversitiesMapView.swift in Sources */ = {isa = PBXBuildFile; fileRef = A18DBA9591D9DAF70F220CB5 /* UniversitiesMapView.swift */; };
		EA2BF19FF9BF7933A0229650 /* UniversityMapPolicy.swift in Sources */ = {isa = PBXBuildFile; fileRef = D6D0DCF549065FDBFC3000A7 /* UniversityMapPolicy.swift */; };
		EE87FB28050E6E996C751EB6 /* UniversityPhotoLibrary.swift in Sources */ = {isa = PBXBuildFile; fileRef = AB720D91D659189A39BB2098 /* UniversityPhotoLibrary.swift */; };
		F1E5BF3BB0BA09CE6CA32E93 /* InviteEntryView.swift in Sources */ = {isa = PBXBuildFile; fileRef = E2D38B1BB66FCFD684D4F792 /* InviteEntryView.swift */; };
		F30DFF225EF05FA1DF858D0F /* LearningModels.swift in Sources */ = {isa = PBXBuildFile; fileRef = D8F3E3772ADCC2E62305E0B8 /* LearningModels.swift */; };
		F35C4AB213BBF7B5BE9DB74D /* PortalCaseChatModels.swift in Sources */ = {isa = PBXBuildFile; fileRef = 30410E2669DCC35D7ADEAE99 /* PortalCaseChatModels.swift */; };
		F5DE60F42625959D0CF37F4C /* LessonRunnerView.swift in Sources */ = {isa = PBXBuildFile; fileRef = C17C205FA516F6645A1D5E92 /* LessonRunnerView.swift */; };
		F7027B902B58BB0758883194 /* UniversityPhotoLibrary.swift in Sources */ = {isa = PBXBuildFile; fileRef = AB720D91D659189A39BB2098 /* UniversityPhotoLibrary.swift */; };
		F7583E3535D3D71DCC0682FA /* UniversitiesView.swift in Sources */ = {isa = PBXBuildFile; fileRef = 934F3BCA224845533993A460 /* UniversitiesView.swift */; };
		F808E95418CFD0F82AACCDD2 /* SessionRouter.swift in Sources */ = {isa = PBXBuildFile; fileRef = BAE1702D238F863B18144F44 /* SessionRouter.swift */; };
		FA87AF0650188DC787FE3FE9 /* FavoritesStore.swift in Sources */ = {isa = PBXBuildFile; fileRef = ADA7E12A092A4DCE19EA6C04 /* FavoritesStore.swift */; };
		FAF4CEEC8998AE6A768EF3AF /* AdmissionModels.swift in Sources */ = {isa = PBXBuildFile; fileRef = B32E74D315F6147AFDA53377 /* AdmissionModels.swift */; };
		FB2962099ACBC8599D730317 /* ReviewRunnerView.swift in Sources */ = {isa = PBXBuildFile; fileRef = D84614ADA0499B575C9815ED /* ReviewRunnerView.swift */; };
		FB31BE4AE4E65E7403CCD69A /* FavoritesDecodingTests.swift in Sources */ = {isa = PBXBuildFile; fileRef = 2D2DFEDB36585854B8AF9A88 /* FavoritesDecodingTests.swift */; };
		FD07B3A17A0CA2DC11FA85C1 /* TabShell.swift in Sources */ = {isa = PBXBuildFile; fileRef = FD04FB295EC8AF191E69FE6A /* TabShell.swift */; };
		FE126687BAB2F07128AA95F5 /* university-geo-library.json in Resources */ = {isa = PBXBuildFile; fileRef = AE59581B9A18399AA3618C63 /* university-geo-library.json */; };
/* End PBXBuildFile section */

/* Begin PBXFileReference section */
		33817BBEAC6878E4B53BA2FF /* ApplicationRequirementsV2Models.swift */ = {isa = PBXFileReference; lastKnownFileType = sourcecode.swift; path = ApplicationRequirementsV2Models.swift; sourceTree = "<group>"; };
		3DAC53F97F0A67CBF0EA3D6A /* ProgramDocumentModel.swift */ = {isa = PBXFileReference; lastKnownFileType = sourcecode.swift; path = ProgramDocumentModel.swift; sourceTree = "<group>"; };
		83B4B045022FB2366447C242 /* ApplicationDocumentModels.swift */ = {isa = PBXFileReference; lastKnownFileType = sourcecode.swift; path = ApplicationDocumentModels.swift; sourceTree = "<group>"; };
		48740F32E5051E92CC6DADCC /* ApplicationDocumentPending.swift */ = {isa = PBXFileReference; lastKnownFileType = sourcecode.swift; path = ApplicationDocumentPending.swift; sourceTree = "<group>"; };
		C92CA7B2706BCA37C69E6992 /* ApplicationDocumentUpload.swift */ = {isa = PBXFileReference; lastKnownFileType = sourcecode.swift; path = ApplicationDocumentUpload.swift; sourceTree = "<group>"; };
		E508E8B1903A4D09727E4EDB /* ProgramPreparationView.swift */ = {isa = PBXFileReference; lastKnownFileType = sourcecode.swift; path = ProgramPreparationView.swift; sourceTree = "<group>"; };
		B5EFCE58147C0428B12FC9C3 /* ProgramDocumentView.swift */ = {isa = PBXFileReference; lastKnownFileType = sourcecode.swift; path = ProgramDocumentView.swift; sourceTree = "<group>"; };
		AE1E1D75F17DDF69F8E00090 /* ProgramPreparationModel.swift */ = {isa = PBXFileReference; lastKnownFileType = sourcecode.swift; path = ProgramPreparationModel.swift; sourceTree = "<group>"; };
		005949937B65067CD79CB062 /* Localizable.xcstrings */ = {isa = PBXFileReference; lastKnownFileType = text.json.xcstrings; path = Localizable.xcstrings; sourceTree = "<group>"; };
		0B849158C9D6896582F6522A /* PortalProfileDecodingTests.swift */ = {isa = PBXFileReference; lastKnownFileType = sourcecode.swift; path = PortalProfileDecodingTests.swift; sourceTree = "<group>"; };
		10D552D1FAB72B356FDF47B8 /* UniversityCatalogFilterPolicy.swift */ = {isa = PBXFileReference; lastKnownFileType = sourcecode.swift; path = UniversityCatalogFilterPolicy.swift; sourceTree = "<group>"; };
		1138EB3C6CFD2299FADB8FB4 /* UniversityPhotoLibraryTests.swift */ = {isa = PBXFileReference; lastKnownFileType = sourcecode.swift; path = UniversityPhotoLibraryTests.swift; sourceTree = "<group>"; };
		1182F909B386806025876B19 /* ApplicationIntakePolicyTests.swift */ = {isa = PBXFileReference; lastKnownFileType = sourcecode.swift; path = ApplicationIntakePolicyTests.swift; sourceTree = "<group>"; };
		122B8F39ABA8651CEF454758 /* AppConfig.swift */ = {isa = PBXFileReference; lastKnownFileType = sourcecode.swift; path = AppConfig.swift; sourceTree = "<group>"; };
		12EC9356EC02D17EF1D12164 /* ApplicationIntakeTransfer.swift */ = {isa = PBXFileReference; lastKnownFileType = sourcecode.swift; path = ApplicationIntakeTransfer.swift; sourceTree = "<group>"; };
		1748B57341B5875DDEAC04BB /* PortalProfileModels.swift */ = {isa = PBXFileReference; lastKnownFileType = sourcecode.swift; path = PortalProfileModels.swift; sourceTree = "<group>"; };
		17B36978FE6CEE29DDAC580E /* SupabaseService.swift */ = {isa = PBXFileReference; lastKnownFileType = sourcecode.swift; path = SupabaseService.swift; sourceTree = "<group>"; };
		1C223846B4B1CA8906A605E8 /* ProfileLanguagePolicyTests.swift */ = {isa = PBXFileReference; lastKnownFileType = sourcecode.swift; path = ProfileLanguagePolicyTests.swift; sourceTree = "<group>"; };
		1E3A48D9B01EEF280AD9AD95 /* ProfessionModels.swift */ = {isa = PBXFileReference; lastKnownFileType = sourcecode.swift; path = ProfessionModels.swift; sourceTree = "<group>"; };
		2048D03494EC2DE914707DC2 /* AdmissionDecodingTests.swift */ = {isa = PBXFileReference; lastKnownFileType = sourcecode.swift; path = AdmissionDecodingTests.swift; sourceTree = "<group>"; };
		2579774CB30D852880D29F40 /* LearningRunnerModels.swift */ = {isa = PBXFileReference; lastKnownFileType = sourcecode.swift; path = LearningRunnerModels.swift; sourceTree = "<group>"; };
		259534FBC548CC28EA94B382 /* UniversityCatalogDecodingTests.swift */ = {isa = PBXFileReference; lastKnownFileType = sourcecode.swift; path = UniversityCatalogDecodingTests.swift; sourceTree = "<group>"; };
		269383B7228C391B0852E9FD /* ApplicationWizardView.swift */ = {isa = PBXFileReference; lastKnownFileType = sourcecode.swift; path = ApplicationWizardView.swift; sourceTree = "<group>"; };
		280E923C4B1D8CC4E01905E0 /* AssessmentResultView.swift */ = {isa = PBXFileReference; lastKnownFileType = sourcecode.swift; path = AssessmentResultView.swift; sourceTree = "<group>"; };
		28BB6E2A9F0AE5B2D2B2B0C2 /* AssessmentModels.swift */ = {isa = PBXFileReference; lastKnownFileType = sourcecode.swift; path = AssessmentModels.swift; sourceTree = "<group>"; };
		2A64F118E721EA1E5FEC6472 /* EVOAdmissionsTests.xctest */ = {isa = PBXFileReference; includeInIndex = 0; lastKnownFileType = wrapper.cfbundle; path = EVOAdmissionsTests.xctest; sourceTree = BUILT_PRODUCTS_DIR; };
		2C0754946AA1F39422CD49E6 /* AdmissionPolicyTests.swift */ = {isa = PBXFileReference; lastKnownFileType = sourcecode.swift; path = AdmissionPolicyTests.swift; sourceTree = "<group>"; };
		2D2DFEDB36585854B8AF9A88 /* FavoritesDecodingTests.swift */ = {isa = PBXFileReference; lastKnownFileType = sourcecode.swift; path = FavoritesDecodingTests.swift; sourceTree = "<group>"; };
		2E398B3E2F9B79A923367AEB /* AdmissionDocumentsView.swift */ = {isa = PBXFileReference; lastKnownFileType = sourcecode.swift; path = AdmissionDocumentsView.swift; sourceTree = "<group>"; };
		30410E2669DCC35D7ADEAE99 /* PortalCaseChatModels.swift */ = {isa = PBXFileReference; lastKnownFileType = sourcecode.swift; path = PortalCaseChatModels.swift; sourceTree = "<group>"; };
		31E42E055A1861064FDAF390 /* PostgresTimestamp.swift */ = {isa = PBXFileReference; lastKnownFileType = sourcecode.swift; path = PostgresTimestamp.swift; sourceTree = "<group>"; };
		45852421E9DCACAC63246FF9 /* SignInView.swift */ = {isa = PBXFileReference; lastKnownFileType = sourcecode.swift; path = SignInView.swift; sourceTree = "<group>"; };
		47EC7DEB3936306868625BE9 /* university-photo-library.json */ = {isa = PBXFileReference; lastKnownFileType = text.json; path = "university-photo-library.json"; sourceTree = "<group>"; };
		4D66D111BD4BE6F0AFF76ADC /* MyAdmissionView.swift */ = {isa = PBXFileReference; lastKnownFileType = sourcecode.swift; path = MyAdmissionView.swift; sourceTree = "<group>"; };
		4FC2E212C9C2D1F53C6A3F68 /* NetworkErrorView.swift */ = {isa = PBXFileReference; lastKnownFileType = sourcecode.swift; path = NetworkErrorView.swift; sourceTree = "<group>"; };
		5036B63945D738592B84D329 /* AccessPendingView.swift */ = {isa = PBXFileReference; lastKnownFileType = sourcecode.swift; path = AccessPendingView.swift; sourceTree = "<group>"; };
		54AA13F5351C06938BB99E9E /* TestsView.swift */ = {isa = PBXFileReference; lastKnownFileType = sourcecode.swift; path = TestsView.swift; sourceTree = "<group>"; };
		6054711F5C4F26BE7B0903F9 /* ProfileView.swift */ = {isa = PBXFileReference; lastKnownFileType = sourcecode.swift; path = ProfileView.swift; sourceTree = "<group>"; };
		6092FB55F132DB487AC29A36 /* HomeView.swift */ = {isa = PBXFileReference; lastKnownFileType = sourcecode.swift; path = HomeView.swift; sourceTree = "<group>"; };
		72846D94CB1FCC708DFB3A83 /* UniversityGeoLibraryTests.swift */ = {isa = PBXFileReference; lastKnownFileType = sourcecode.swift; path = UniversityGeoLibraryTests.swift; sourceTree = "<group>"; };
		758CE9514FF1F6A618FAD396 /* PortalDocumentTransfer.swift */ = {isa = PBXFileReference; lastKnownFileType = sourcecode.swift; path = PortalDocumentTransfer.swift; sourceTree = "<group>"; };
		79B0F15B1070867453F272AE /* LearningDecodingTests.swift */ = {isa = PBXFileReference; lastKnownFileType = sourcecode.swift; path = LearningDecodingTests.swift; sourceTree = "<group>"; };
		7A9A04DD0B9D506D1216F399 /* LearningRunnerPolicyTests.swift */ = {isa = PBXFileReference; lastKnownFileType = sourcecode.swift; path = LearningRunnerPolicyTests.swift; sourceTree = "<group>"; };
		7AB25A7C26BF4F620662154D /* EVO admissions.app */ = {isa = PBXFileReference; includeInIndex = 0; lastKnownFileType = wrapper.application; path = "EVO admissions.app"; sourceTree = BUILT_PRODUCTS_DIR; };
		7C45BD325EAB111B163381DE /* SingleFlightReloadGateTests.swift */ = {isa = PBXFileReference; lastKnownFileType = sourcecode.swift; path = SingleFlightReloadGateTests.swift; sourceTree = "<group>"; };
		80F438CFFD677C2DE858F295 /* ApplicationStatusView.swift */ = {isa = PBXFileReference; lastKnownFileType = sourcecode.swift; path = ApplicationStatusView.swift; sourceTree = "<group>"; };
		8D38E00F8D964FE4DCDA857C /* EnglishView.swift */ = {isa = PBXFileReference; lastKnownFileType = sourcecode.swift; path = EnglishView.swift; sourceTree = "<group>"; };
		90729578002EEEABF3DBADAB /* UniversityDetailView.swift */ = {isa = PBXFileReference; lastKnownFileType = sourcecode.swift; path = UniversityDetailView.swift; sourceTree = "<group>"; };
		91DA8F62CFB34037771B79D1 /* ApplicationIntakeModels.swift */ = {isa = PBXFileReference; lastKnownFileType = sourcecode.swift; path = ApplicationIntakeModels.swift; sourceTree = "<group>"; };
		934F3BCA224845533993A460 /* UniversitiesView.swift */ = {isa = PBXFileReference; lastKnownFileType = sourcecode.swift; path = UniversitiesView.swift; sourceTree = "<group>"; };
		9845A78AE9B20B223C061480 /* ConsultationRequestSheet.swift */ = {isa = PBXFileReference; lastKnownFileType = sourcecode.swift; path = ConsultationRequestSheet.swift; sourceTree = "<group>"; };
		992C64D40371C809060D0EDA /* FavoritesView.swift */ = {isa = PBXFileReference; lastKnownFileType = sourcecode.swift; path = FavoritesView.swift; sourceTree = "<group>"; };
		995A1A73307F3D08D8A479EF /* ProfessionsView.swift */ = {isa = PBXFileReference; lastKnownFileType = sourcecode.swift; path = ProfessionsView.swift; sourceTree = "<group>"; };
		99BAE80FF87DB4110F926ADA /* UniversityGeoLibrary.swift */ = {isa = PBXFileReference; lastKnownFileType = sourcecode.swift; path = UniversityGeoLibrary.swift; sourceTree = "<group>"; };
		9A06AEC430C456B54301DDB0 /* EVOAdmissionsApp.swift */ = {isa = PBXFileReference; lastKnownFileType = sourcecode.swift; path = EVOAdmissionsApp.swift; sourceTree = "<group>"; };
		A18DBA9591D9DAF70F220CB5 /* UniversitiesMapView.swift */ = {isa = PBXFileReference; lastKnownFileType = sourcecode.swift; path = UniversitiesMapView.swift; sourceTree = "<group>"; };
		A33583B4A63163BC921202D4 /* UniversityMapPolicyTests.swift */ = {isa = PBXFileReference; lastKnownFileType = sourcecode.swift; path = UniversityMapPolicyTests.swift; sourceTree = "<group>"; };
		A437F63DD1A066A64F901E16 /* ConsultationModels.swift */ = {isa = PBXFileReference; lastKnownFileType = sourcecode.swift; path = ConsultationModels.swift; sourceTree = "<group>"; };
		A4ACE09B251B10B667AC566E /* AdmissionPaymentsView.swift */ = {isa = PBXFileReference; lastKnownFileType = sourcecode.swift; path = AdmissionPaymentsView.swift; sourceTree = "<group>"; };
		A9DA536AE40E6D000522F975 /* PortalModels.swift */ = {isa = PBXFileReference; lastKnownFileType = sourcecode.swift; path = PortalModels.swift; sourceTree = "<group>"; };
		AB720D91D659189A39BB2098 /* UniversityPhotoLibrary.swift */ = {isa = PBXFileReference; lastKnownFileType = sourcecode.swift; path = UniversityPhotoLibrary.swift; sourceTree = "<group>"; };
		AD470A4B4BA2C62E1BB38F1B /* ConsultationDecodingTests.swift */ = {isa = PBXFileReference; lastKnownFileType = sourcecode.swift; path = ConsultationDecodingTests.swift; sourceTree = "<group>"; };
		ADA7E12A092A4DCE19EA6C04 /* FavoritesStore.swift */ = {isa = PBXFileReference; lastKnownFileType = sourcecode.swift; path = FavoritesStore.swift; sourceTree = "<group>"; };
		AE59581B9A18399AA3618C63 /* university-geo-library.json */ = {isa = PBXFileReference; lastKnownFileType = text.json; path = "university-geo-library.json"; sourceTree = "<group>"; };
		B32E74D315F6147AFDA53377 /* AdmissionModels.swift */ = {isa = PBXFileReference; lastKnownFileType = sourcecode.swift; path = AdmissionModels.swift; sourceTree = "<group>"; };
		B45A9EBC17D0B3D7A1B639FB /* SingleFlightReloadGate.swift */ = {isa = PBXFileReference; lastKnownFileType = sourcecode.swift; path = SingleFlightReloadGate.swift; sourceTree = "<group>"; };
		B57DCF3E0DB377302EEF8CBD /* AssessmentDecodingTests.swift */ = {isa = PBXFileReference; lastKnownFileType = sourcecode.swift; path = AssessmentDecodingTests.swift; sourceTree = "<group>"; };
		B689B5D15EBAEBDE59C83A64 /* PortalCaseChatDecodingTests.swift */ = {isa = PBXFileReference; lastKnownFileType = sourcecode.swift; path = PortalCaseChatDecodingTests.swift; sourceTree = "<group>"; };
		B863F1ACCC11C2F3BCC68A06 /* PortalCaseChatPolicyTests.swift */ = {isa = PBXFileReference; lastKnownFileType = sourcecode.swift; path = PortalCaseChatPolicyTests.swift; sourceTree = "<group>"; };
		B96E6200B0A5AA1809D60313 /* FavoritesModels.swift */ = {isa = PBXFileReference; lastKnownFileType = sourcecode.swift; path = FavoritesModels.swift; sourceTree = "<group>"; };
		B973A8C4875BF474F9AA2FA7 /* LearningRunnerDecodingTests.swift */ = {isa = PBXFileReference; lastKnownFileType = sourcecode.swift; path = LearningRunnerDecodingTests.swift; sourceTree = "<group>"; };
		BAE1702D238F863B18144F44 /* SessionRouter.swift */ = {isa = PBXFileReference; lastKnownFileType = sourcecode.swift; path = SessionRouter.swift; sourceTree = "<group>"; };
		C1649B16320704E7A7DCB7DC /* ProfessionDecodingTests.swift */ = {isa = PBXFileReference; lastKnownFileType = sourcecode.swift; path = ProfessionDecodingTests.swift; sourceTree = "<group>"; };
		C17C205FA516F6645A1D5E92 /* LessonRunnerView.swift */ = {isa = PBXFileReference; lastKnownFileType = sourcecode.swift; path = LessonRunnerView.swift; sourceTree = "<group>"; };
		C1E8A27182FF5420B32FD8F7 /* ApplicationIntakeDecodingTests.swift */ = {isa = PBXFileReference; lastKnownFileType = sourcecode.swift; path = ApplicationIntakeDecodingTests.swift; sourceTree = "<group>"; };
		CA3BFC92CF9E0C2AB6E27D16 /* AdmissionNotificationsView.swift */ = {isa = PBXFileReference; lastKnownFileType = sourcecode.swift; path = AdmissionNotificationsView.swift; sourceTree = "<group>"; };
		CC77892DE13ABBA6FF91B1B4 /* RootView.swift */ = {isa = PBXFileReference; lastKnownFileType = sourcecode.swift; path = RootView.swift; sourceTree = "<group>"; };
		CDF92CA04A21A199DB841591 /* Assets.xcassets */ = {isa = PBXFileReference; lastKnownFileType = folder.assetcatalog; path = Assets.xcassets; sourceTree = "<group>"; };
		D6D0DCF549065FDBFC3000A7 /* UniversityMapPolicy.swift */ = {isa = PBXFileReference; lastKnownFileType = sourcecode.swift; path = UniversityMapPolicy.swift; sourceTree = "<group>"; };
		D84614ADA0499B575C9815ED /* ReviewRunnerView.swift */ = {isa = PBXFileReference; lastKnownFileType = sourcecode.swift; path = ReviewRunnerView.swift; sourceTree = "<group>"; };
		D8F3E3772ADCC2E62305E0B8 /* LearningModels.swift */ = {isa = PBXFileReference; lastKnownFileType = sourcecode.swift; path = LearningModels.swift; sourceTree = "<group>"; };
		DC70F12739DB63D364874A99 /* CatalogPreparationModels.swift */ = {isa = PBXFileReference; lastKnownFileType = sourcecode.swift; path = CatalogPreparationModels.swift; sourceTree = "<group>"; };
		7FE33C27219C730ACC8BE309 /* ApplicationRequirementsModels.swift */ = {isa = PBXFileReference; lastKnownFileType = sourcecode.swift; path = ApplicationRequirementsModels.swift; sourceTree = "<group>"; };
		DD0867288823B7DC31CC77AD /* ApplicationIntakePolicy.swift */ = {isa = PBXFileReference; lastKnownFileType = sourcecode.swift; path = ApplicationIntakePolicy.swift; sourceTree = "<group>"; };
		E2D38B1BB66FCFD684D4F792 /* InviteEntryView.swift */ = {isa = PBXFileReference; lastKnownFileType = sourcecode.swift; path = InviteEntryView.swift; sourceTree = "<group>"; };
		EC32638A6EB200A2EF0217B0 /* MessagesThreadView.swift */ = {isa = PBXFileReference; lastKnownFileType = sourcecode.swift; path = MessagesThreadView.swift; sourceTree = "<group>"; };
		F4B21D0A664C40CAA299E1E4 /* UniversityCatalogFilterPolicyTests.swift */ = {isa = PBXFileReference; lastKnownFileType = sourcecode.swift; path = UniversityCatalogFilterPolicyTests.swift; sourceTree = "<group>"; };
		F634042E3C8EAB9AB55726EE /* AssessmentRunnerView.swift */ = {isa = PBXFileReference; lastKnownFileType = sourcecode.swift; path = AssessmentRunnerView.swift; sourceTree = "<group>"; };
		FD04FB295EC8AF191E69FE6A /* TabShell.swift */ = {isa = PBXFileReference; lastKnownFileType = sourcecode.swift; path = TabShell.swift; sourceTree = "<group>"; };
		"TEMP_5D7DB66B-ADE1-4F9E-888A-9D7175713BE5" /* Local.xcconfig */ = {isa = PBXFileReference; lastKnownFileType = text.xcconfig; path = Local.xcconfig; sourceTree = "<group>"; };
/* End PBXFileReference section */

/* Begin PBXFrameworksBuildPhase section */
		1BC30991CD54FF7329CBF0CA /* Frameworks */ = {
			isa = PBXFrameworksBuildPhase;
			buildActionMask = 2147483647;
			files = (
				8EDF7EA8F721F4F8A12E6532 /* Supabase in Frameworks */,
			);
			runOnlyForDeploymentPostprocessing = 0;
		};
/* End PBXFrameworksBuildPhase section */

/* Begin PBXGroup section */
		0229C86B914EC8852E3C9C41 /* Views */ = {
			isa = PBXGroup;
			children = (
				E508E8B1903A4D09727E4EDB /* ProgramPreparationView.swift */,
				B5EFCE58147C0428B12FC9C3 /* ProgramDocumentView.swift */,
				5036B63945D738592B84D329 /* AccessPendingView.swift */,
				2E398B3E2F9B79A923367AEB /* AdmissionDocumentsView.swift */,
				CA3BFC92CF9E0C2AB6E27D16 /* AdmissionNotificationsView.swift */,
				A4ACE09B251B10B667AC566E /* AdmissionPaymentsView.swift */,
				80F438CFFD677C2DE858F295 /* ApplicationStatusView.swift */,
				269383B7228C391B0852E9FD /* ApplicationWizardView.swift */,
				280E923C4B1D8CC4E01905E0 /* AssessmentResultView.swift */,
				F634042E3C8EAB9AB55726EE /* AssessmentRunnerView.swift */,
				9845A78AE9B20B223C061480 /* ConsultationRequestSheet.swift */,
				8D38E00F8D964FE4DCDA857C /* EnglishView.swift */,
				992C64D40371C809060D0EDA /* FavoritesView.swift */,
				6092FB55F132DB487AC29A36 /* HomeView.swift */,
				E2D38B1BB66FCFD684D4F792 /* InviteEntryView.swift */,
				C17C205FA516F6645A1D5E92 /* LessonRunnerView.swift */,
				EC32638A6EB200A2EF0217B0 /* MessagesThreadView.swift */,
				4D66D111BD4BE6F0AFF76ADC /* MyAdmissionView.swift */,
				4FC2E212C9C2D1F53C6A3F68 /* NetworkErrorView.swift */,
				995A1A73307F3D08D8A479EF /* ProfessionsView.swift */,
				6054711F5C4F26BE7B0903F9 /* ProfileView.swift */,
				D84614ADA0499B575C9815ED /* ReviewRunnerView.swift */,
				CC77892DE13ABBA6FF91B1B4 /* RootView.swift */,
				45852421E9DCACAC63246FF9 /* SignInView.swift */,
				FD04FB295EC8AF191E69FE6A /* TabShell.swift */,
				54AA13F5351C06938BB99E9E /* TestsView.swift */,
				A18DBA9591D9DAF70F220CB5 /* UniversitiesMapView.swift */,
				934F3BCA224845533993A460 /* UniversitiesView.swift */,
				90729578002EEEABF3DBADAB /* UniversityDetailView.swift */,
			);
			path = Views;
			sourceTree = "<group>";
		};
		0A7C5E53F485B02EDCE69370 /* src */ = {
			isa = PBXGroup;
			children = (
				86D11BBBACB495C04EE69807 /* lib */,
			);
			path = src;
			sourceTree = "<group>";
		};
		1349A8A541121D8A15002A81 /* EVOAdmissions */ = {
			isa = PBXGroup;
			children = (
				18AC55EE767B87C27FABF436 /* App */,
				6C76C8767C0DB172062D9774 /* Resources */,
				AEDC6BBDAD17A67A2F572E6C /* Services */,
				0229C86B914EC8852E3C9C41 /* Views */,
			);
			path = EVOAdmissions;
			sourceTree = "<group>";
		};
		18AC55EE767B87C27FABF436 /* App */ = {
			isa = PBXGroup;
			children = (
				122B8F39ABA8651CEF454758 /* AppConfig.swift */,
				9A06AEC430C456B54301DDB0 /* EVOAdmissionsApp.swift */,
			);
			path = App;
			sourceTree = "<group>";
		};
		258CB937688C35EAAF4A511C /* Products */ = {
			isa = PBXGroup;
			children = (
				7AB25A7C26BF4F620662154D /* EVO admissions.app */,
				2A64F118E721EA1E5FEC6472 /* EVOAdmissionsTests.xctest */,
			);
			name = Products;
			sourceTree = "<group>";
		};
		6C76C8767C0DB172062D9774 /* Resources */ = {
			isa = PBXGroup;
			children = (
				CDF92CA04A21A199DB841591 /* Assets.xcassets */,
				005949937B65067CD79CB062 /* Localizable.xcstrings */,
			);
			path = Resources;
			sourceTree = "<group>";
		};
		86D11BBBACB495C04EE69807 /* lib */ = {
			isa = PBXGroup;
			children = (
				AE59581B9A18399AA3618C63 /* university-geo-library.json */,
				47EC7DEB3936306868625BE9 /* university-photo-library.json */,
			);
			path = lib;
			sourceTree = "<group>";
		};
		9F31BD1FF8F344FE41B781BE /* EVOAdmissionsTests */ = {
			isa = PBXGroup;
			children = (
				2048D03494EC2DE914707DC2 /* AdmissionDecodingTests.swift */,
				2C0754946AA1F39422CD49E6 /* AdmissionPolicyTests.swift */,
				C1E8A27182FF5420B32FD8F7 /* ApplicationIntakeDecodingTests.swift */,
				1182F909B386806025876B19 /* ApplicationIntakePolicyTests.swift */,
				B57DCF3E0DB377302EEF8CBD /* AssessmentDecodingTests.swift */,
				AD470A4B4BA2C62E1BB38F1B /* ConsultationDecodingTests.swift */,
				2D2DFEDB36585854B8AF9A88 /* FavoritesDecodingTests.swift */,
				79B0F15B1070867453F272AE /* LearningDecodingTests.swift */,
				B973A8C4875BF474F9AA2FA7 /* LearningRunnerDecodingTests.swift */,
				7A9A04DD0B9D506D1216F399 /* LearningRunnerPolicyTests.swift */,
				B689B5D15EBAEBDE59C83A64 /* PortalCaseChatDecodingTests.swift */,
				B863F1ACCC11C2F3BCC68A06 /* PortalCaseChatPolicyTests.swift */,
				0B849158C9D6896582F6522A /* PortalProfileDecodingTests.swift */,
				C1649B16320704E7A7DCB7DC /* ProfessionDecodingTests.swift */,
				1C223846B4B1CA8906A605E8 /* ProfileLanguagePolicyTests.swift */,
				7C45BD325EAB111B163381DE /* SingleFlightReloadGateTests.swift */,
				259534FBC548CC28EA94B382 /* UniversityCatalogDecodingTests.swift */,
				F4B21D0A664C40CAA299E1E4 /* UniversityCatalogFilterPolicyTests.swift */,
				72846D94CB1FCC708DFB3A83 /* UniversityGeoLibraryTests.swift */,
				A33583B4A63163BC921202D4 /* UniversityMapPolicyTests.swift */,
				1138EB3C6CFD2299FADB8FB4 /* UniversityPhotoLibraryTests.swift */,
			);
			path = EVOAdmissionsTests;
			sourceTree = "<group>";
		};
		A0DA2110B516E89AD03DF224 = {
			isa = PBXGroup;
			children = (
				A3312DE82636660D53CC3D80 /* evo_AI_CRM-portal-ios */,
				1349A8A541121D8A15002A81 /* EVOAdmissions */,
				9F31BD1FF8F344FE41B781BE /* EVOAdmissionsTests */,
				258CB937688C35EAAF4A511C /* Products */,
			);
			sourceTree = "<group>";
		};
		A3312DE82636660D53CC3D80 /* evo_AI_CRM-portal-ios */ = {
			isa = PBXGroup;
			children = (
				0A7C5E53F485B02EDCE69370 /* src */,
			);
			name = "evo_AI_CRM-portal-ios";
			path = ..;
			sourceTree = "<group>";
		};
		AEDC6BBDAD17A67A2F572E6C /* Services */ = {
			isa = PBXGroup;
			children = (
				AE1E1D75F17DDF69F8E00090 /* ProgramPreparationModel.swift */,
				B32E74D315F6147AFDA53377 /* AdmissionModels.swift */,
				91DA8F62CFB34037771B79D1 /* ApplicationIntakeModels.swift */,
				DD0867288823B7DC31CC77AD /* ApplicationIntakePolicy.swift */,
				12EC9356EC02D17EF1D12164 /* ApplicationIntakeTransfer.swift */,
				7FE33C27219C730ACC8BE309 /* ApplicationRequirementsModels.swift */,
				33817BBEAC6878E4B53BA2FF /* ApplicationRequirementsV2Models.swift */,
				3DAC53F97F0A67CBF0EA3D6A /* ProgramDocumentModel.swift */,
				83B4B045022FB2366447C242 /* ApplicationDocumentModels.swift */,
				48740F32E5051E92CC6DADCC /* ApplicationDocumentPending.swift */,
				C92CA7B2706BCA37C69E6992 /* ApplicationDocumentUpload.swift */,
				28BB6E2A9F0AE5B2D2B2B0C2 /* AssessmentModels.swift */,
				DC70F12739DB63D364874A99 /* CatalogPreparationModels.swift */,
				A437F63DD1A066A64F901E16 /* ConsultationModels.swift */,
				B96E6200B0A5AA1809D60313 /* FavoritesModels.swift */,
				ADA7E12A092A4DCE19EA6C04 /* FavoritesStore.swift */,
				D8F3E3772ADCC2E62305E0B8 /* LearningModels.swift */,
				2579774CB30D852880D29F40 /* LearningRunnerModels.swift */,
				30410E2669DCC35D7ADEAE99 /* PortalCaseChatModels.swift */,
				758CE9514FF1F6A618FAD396 /* PortalDocumentTransfer.swift */,
				A9DA536AE40E6D000522F975 /* PortalModels.swift */,
				1748B57341B5875DDEAC04BB /* PortalProfileModels.swift */,
				31E42E055A1861064FDAF390 /* PostgresTimestamp.swift */,
				1E3A48D9B01EEF280AD9AD95 /* ProfessionModels.swift */,
				BAE1702D238F863B18144F44 /* SessionRouter.swift */,
				B45A9EBC17D0B3D7A1B639FB /* SingleFlightReloadGate.swift */,
				17B36978FE6CEE29DDAC580E /* SupabaseService.swift */,
				10D552D1FAB72B356FDF47B8 /* UniversityCatalogFilterPolicy.swift */,
				99BAE80FF87DB4110F926ADA /* UniversityGeoLibrary.swift */,
				D6D0DCF549065FDBFC3000A7 /* UniversityMapPolicy.swift */,
				AB720D91D659189A39BB2098 /* UniversityPhotoLibrary.swift */,
			);
			path = Services;
			sourceTree = "<group>";
		};
		"TEMP_0193E5C2-F4A0-4DB6-BBBF-01EBD609C8AB" /* ios */ = {
			isa = PBXGroup;
			children = (
				"TEMP_5D7DB66B-ADE1-4F9E-888A-9D7175713BE5" /* Local.xcconfig */,
			);
			path = ios;
			sourceTree = "<group>";
		};
/* End PBXGroup section */

/* Begin PBXNativeTarget section */
		8567162DA73BC7DA86C45165 /* EVO admissions */ = {
			isa = PBXNativeTarget;
			buildConfigurationList = 8CE385B75F1357DF7D3B7DF9 /* Build configuration list for PBXNativeTarget "EVO admissions" */;
			buildPhases = (
				BB128637DB6780C1A4BB59D1 /* Sources */,
				8EE9A1F2F95910B8912DF93D /* Resources */,
				1BC30991CD54FF7329CBF0CA /* Frameworks */,
			);
			buildRules = (
			);
			dependencies = (
			);
			name = "EVO admissions";
			packageProductDependencies = (
				2F2B8B40F10FF70688FD83B9 /* Supabase */,
			);
			productName = "EVO admissions";
			productReference = 7AB25A7C26BF4F620662154D /* EVO admissions.app */;
			productType = "com.apple.product-type.application";
		};
		AADCEF0749FEFF6F4EFE0D9C /* EVOAdmissionsTests */ = {
			isa = PBXNativeTarget;
			buildConfigurationList = 07AFA0C578775A36B106A16E /* Build configuration list for PBXNativeTarget "EVOAdmissionsTests" */;
			buildPhases = (
				B839773AEFFB232B753C8763 /* Sources */,
				C60DB8FA0A562BFE89254561 /* Resources */,
			);
			buildRules = (
			);
			dependencies = (
			);
			name = EVOAdmissionsTests;
			packageProductDependencies = (
			);
			productName = EVOAdmissionsTests;
			productReference = 2A64F118E721EA1E5FEC6472 /* EVOAdmissionsTests.xctest */;
			productType = "com.apple.product-type.bundle.unit-test";
		};
/* End PBXNativeTarget section */

/* Begin PBXProject section */
		48D3E8B1092144ED0DE393C8 /* Project object */ = {
			isa = PBXProject;
			attributes = {
				BuildIndependentTargetsInParallel = YES;
				LastUpgradeCheck = 1430;
				TargetAttributes = {
					8567162DA73BC7DA86C45165 = {
						ProvisioningStyle = Automatic;
					};
				};
			};
			buildConfigurationList = 0C4D88F3462CE462A5B7A25A /* Build configuration list for PBXProject "EVOAdmissions" */;
			developmentRegion = ru;
			hasScannedForEncodings = 0;
			knownRegions = (
				Base,
				ky,
				ru,
			);
			mainGroup = A0DA2110B516E89AD03DF224;
			minimizedProjectReferenceProxies = 1;
			packageReferences = (
				66B488AC4626F656C60061B0 /* XCRemoteSwiftPackageReference "supabase-swift" */,
			);
			preferredProjectObjectVersion = 77;
			productRefGroup = 258CB937688C35EAAF4A511C /* Products */;
			projectDirPath = "";
			projectRoot = "";
			targets = (
				8567162DA73BC7DA86C45165 /* EVO admissions */,
				AADCEF0749FEFF6F4EFE0D9C /* EVOAdmissionsTests */,
			);
		};
/* End PBXProject section */

/* Begin PBXResourcesBuildPhase section */
		8EE9A1F2F95910B8912DF93D /* Resources */ = {
			isa = PBXResourcesBuildPhase;
			buildActionMask = 2147483647;
			files = (
				4B719C2CF1A19ED986419366 /* Assets.xcassets in Resources */,
				10E26CC17AB500306B18ED61 /* Localizable.xcstrings in Resources */,
				FE126687BAB2F07128AA95F5 /* university-geo-library.json in Resources */,
				BF4A0970AA9425F03A0A2D41 /* university-photo-library.json in Resources */,
			);
			runOnlyForDeploymentPostprocessing = 0;
		};
		C60DB8FA0A562BFE89254561 /* Resources */ = {
			isa = PBXResourcesBuildPhase;
			buildActionMask = 2147483647;
			files = (
				71912926529D4AB2D7BA071D /* university-geo-library.json in Resources */,
				065D3387E3057F66A131EE28 /* university-photo-library.json in Resources */,
			);
			runOnlyForDeploymentPostprocessing = 0;
		};
/* End PBXResourcesBuildPhase section */

/* Begin PBXSourcesBuildPhase section */
		B839773AEFFB232B753C8763 /* Sources */ = {
			isa = PBXSourcesBuildPhase;
			buildActionMask = 2147483647;
			files = (
				55735C5D56A1A6745E34344E /* AdmissionDecodingTests.swift in Sources */,
				381095ABB7804218C6DAB59F /* AdmissionModels.swift in Sources */,
				13ECC54C2538C82C8D6041D4 /* AdmissionPolicyTests.swift in Sources */,
				80569B51A7100E76B4507423 /* ApplicationIntakeDecodingTests.swift in Sources */,
				DE08387F5B3F227CEF2F53F5 /* ApplicationIntakeModels.swift in Sources */,
				677BBCDC93F50C25948F0427 /* ApplicationIntakePolicy.swift in Sources */,
				8B7D5D867479EA13E221476B /* ApplicationIntakePolicyTests.swift in Sources */,
				8DB1530036AD219621D169B0 /* ApplicationIntakeTransfer.swift in Sources */,
				B78A4283ECF32D133774F200 /* AssessmentDecodingTests.swift in Sources */,
				D25B6A3BE454004A57D2D1A4 /* AssessmentModels.swift in Sources */,
				671BDE2361121A13CCA82DDA /* ConsultationDecodingTests.swift in Sources */,
				AF234FDE29868AEC7808392B /* ConsultationModels.swift in Sources */,
				FB31BE4AE4E65E7403CCD69A /* FavoritesDecodingTests.swift in Sources */,
				4FDB07F9FCB81D2A489DBAE6 /* FavoritesModels.swift in Sources */,
				B1DC6A73ED10736AFB626CA8 /* LearningDecodingTests.swift in Sources */,
				9F0D38C82C7EAE76504ADA83 /* LearningModels.swift in Sources */,
				8D56FCF9C0D283BA87289851 /* LearningRunnerDecodingTests.swift in Sources */,
				0B6E1DB60F041F79F04120F0 /* LearningRunnerModels.swift in Sources */,
				E721A2A6AA1D9B2B0EB8A922 /* LearningRunnerPolicyTests.swift in Sources */,
				1222A15119C6462E6410FCFF /* PortalCaseChatDecodingTests.swift in Sources */,
				F35C4AB213BBF7B5BE9DB74D /* PortalCaseChatModels.swift in Sources */,
				4A002EA2B19B55E82B92C40F /* PortalCaseChatPolicyTests.swift in Sources */,
				6371C3C679EC1357FC8D0336 /* PortalDocumentTransfer.swift in Sources */,
				387AEEB179AE91F1D8DEF13B /* PortalModels.swift in Sources */,
				C53B666A03158F0CE806EF28 /* PortalProfileDecodingTests.swift in Sources */,
				92ABBB46D6C78E6254FF0F02 /* PortalProfileModels.swift in Sources */,
				6F0D140939ADB6FFC3F90AEE /* PostgresTimestamp.swift in Sources */,
				2EBF539E80CC079239E5AD98 /* ProfessionDecodingTests.swift in Sources */,
				6629B0AAAFDFDB6C2FD70F0B /* ProfessionModels.swift in Sources */,
				CCF485A32444DB98E3E685E9 /* ProfileLanguagePolicyTests.swift in Sources */,
				D341E2B8E30CF10EFC9FB52C /* SingleFlightReloadGate.swift in Sources */,
				B63BE4229E1A2AEB727C94F3 /* SingleFlightReloadGateTests.swift in Sources */,
				01FB4E094D31EAEAD30B2FE9 /* UniversityCatalogDecodingTests.swift in Sources */,
				6173408AFBCABC55C1099B19 /* UniversityCatalogFilterPolicy.swift in Sources */,
				597500B4D15B7351BC429F3B /* UniversityCatalogFilterPolicyTests.swift in Sources */,
				536A1FDE3C876ACD83B4027C /* UniversityGeoLibrary.swift in Sources */,
				93B0DE25C385F583F6D44487 /* UniversityGeoLibraryTests.swift in Sources */,
				1BDC9CAAAABDAA7C6E7FA15B /* UniversityMapPolicy.swift in Sources */,
				00EBCE30DF311481020AEED7 /* UniversityMapPolicyTests.swift in Sources */,
				F7027B902B58BB0758883194 /* UniversityPhotoLibrary.swift in Sources */,
				6A90423B0FDC0890A5A43756 /* UniversityPhotoLibraryTests.swift in Sources */,
			);
			runOnlyForDeploymentPostprocessing = 0;
		};
		BB128637DB6780C1A4BB59D1 /* Sources */ = {
			isa = PBXSourcesBuildPhase;
			buildActionMask = 2147483647;
			files = (
				1562156C0AA72ABE83543FA6 /* AccessPendingView.swift in Sources */,
				63B6F85BC6BFCBFC7A3065C1 /* AdmissionDocumentsView.swift in Sources */,
				FAF4CEEC8998AE6A768EF3AF /* AdmissionModels.swift in Sources */,
				B15EAF7230531E1A6751767C /* AdmissionNotificationsView.swift in Sources */,
				3DE318749F4464ADE57243AE /* AdmissionPaymentsView.swift in Sources */,
				C48A08D145638EFFBC5FCDCA /* AppConfig.swift in Sources */,
				3DC1B17D442042B0F376579D /* ApplicationIntakeModels.swift in Sources */,
				581F1E43B1C6A533A50176A2 /* ApplicationIntakePolicy.swift in Sources */,
				C06B819DB3A34C38FFD852FD /* ApplicationIntakeTransfer.swift in Sources */,
				337B5C2E9571C48347652970 /* ApplicationRequirementsModels.swift in Sources */,
				18B846A55E4B3DCEAA5902DF /* ApplicationRequirementsV2Models.swift in Sources */,
				678B33F9BAE8D7DE624C839F /* ProgramDocumentModel.swift in Sources */,
				06030142C6F205ACF47858E2 /* ApplicationDocumentModels.swift in Sources */,
				8D13EDC0F4A3BED08BFA66F4 /* ApplicationDocumentPending.swift in Sources */,
				3501B60D54767B7B2C0D78E0 /* ApplicationDocumentUpload.swift in Sources */,
				FE984196DDD7F198F7F8F537 /* ProgramPreparationView.swift in Sources */,
				8118328FA3D7EE9DD5661A29 /* ProgramDocumentView.swift in Sources */,
				268B55CAB53934F91E7C3663 /* ProgramPreparationModel.swift in Sources */,
				CF2D2E0E22170543B0179AFB /* ApplicationStatusView.swift in Sources */,
				A58A3762C665294A1745FEC6 /* ApplicationWizardView.swift in Sources */,
				03F44A928A909E18EA45639A /* AssessmentModels.swift in Sources */,
				16CCE941413181944BF10D95 /* AssessmentResultView.swift in Sources */,
				A33A7B570BFD41CAF763E0D7 /* AssessmentRunnerView.swift in Sources */,
				2AB8613C508450F9DB82FA37 /* CatalogPreparationModels.swift in Sources */,
				D38251318F18868A0F5BAEBE /* ConsultationModels.swift in Sources */,
				5B37FDF1951EC509C0497FDD /* ConsultationRequestSheet.swift in Sources */,
				95CD815AE4E37B4ED161141E /* EVOAdmissionsApp.swift in Sources */,
				3BAACC081C08224382CAD018 /* EnglishView.swift in Sources */,
				B7782A31DA97FA6DE6A80A3C /* FavoritesModels.swift in Sources */,
				FA87AF0650188DC787FE3FE9 /* FavoritesStore.swift in Sources */,
				DD01779BA21F742032A28C7B /* FavoritesView.swift in Sources */,
				48954EF3BCE4088708D2D5C3 /* HomeView.swift in Sources */,
				F1E5BF3BB0BA09CE6CA32E93 /* InviteEntryView.swift in Sources */,
				F30DFF225EF05FA1DF858D0F /* LearningModels.swift in Sources */,
				B9901A282B3AA92D8EDF83D4 /* LearningRunnerModels.swift in Sources */,
				F5DE60F42625959D0CF37F4C /* LessonRunnerView.swift in Sources */,
				0BE64931A15FA67CCB0DB622 /* MessagesThreadView.swift in Sources */,
				C4F6A08A70F5252A28C6B2E3 /* MyAdmissionView.swift in Sources */,
				45DE16AD4C98B00179939449 /* NetworkErrorView.swift in Sources */,
				DC6FFE100BC9210E4ACE3302 /* PortalCaseChatModels.swift in Sources */,
				59B21A8C1C9F6F936AFD8736 /* PortalDocumentTransfer.swift in Sources */,
				C3B4FCB7F47E3265DF94166E /* PortalModels.swift in Sources */,
				907D53954A4D0A49C8D9C74E /* PortalProfileModels.swift in Sources */,
				E7A76AA83BDDA764C68E476B /* PostgresTimestamp.swift in Sources */,
				2F5CBCD5E81892EAB2A05255 /* ProfessionModels.swift in Sources */,
				D4432D06FA2A6B58FC20C4EB /* ProfessionsView.swift in Sources */,
				18286AF5B327A304BAE546DB /* ProfileView.swift in Sources */,
				FB2962099ACBC8599D730317 /* ReviewRunnerView.swift in Sources */,
				7EB7366B1B43CE792C680F3A /* RootView.swift in Sources */,
				F808E95418CFD0F82AACCDD2 /* SessionRouter.swift in Sources */,
				B69DD3CC2FECC06D17808BAB /* SignInView.swift in Sources */,
				B687504536672E433587D296 /* SingleFlightReloadGate.swift in Sources */,
				99063D3940153E29B5AA8909 /* SupabaseService.swift in Sources */,
				FD07B3A17A0CA2DC11FA85C1 /* TabShell.swift in Sources */,
				3E03D82AE38652963B61B3CA /* TestsView.swift in Sources */,
				E888B48F60C5AFA74A4C9A98 /* UniversitiesMapView.swift in Sources */,
				F7583E3535D3D71DCC0682FA /* UniversitiesView.swift in Sources */,
				2113273D75E7D064E2AF1115 /* UniversityCatalogFilterPolicy.swift in Sources */,
				432F8EDE8A7DA0FDA84CAA18 /* UniversityDetailView.swift in Sources */,
				8A1DD2AA9A83807C86BFB0C0 /* UniversityGeoLibrary.swift in Sources */,
				EA2BF19FF9BF7933A0229650 /* UniversityMapPolicy.swift in Sources */,
				EE87FB28050E6E996C751EB6 /* UniversityPhotoLibrary.swift in Sources */,
			);
			runOnlyForDeploymentPostprocessing = 0;
		};
/* End PBXSourcesBuildPhase section */

/* Begin XCBuildConfiguration section */
		21E90DF4EEE73B191FC7DE04 /* Debug */ = {
			isa = XCBuildConfiguration;
			buildSettings = {
				ASSETCATALOG_COMPILER_APPICON_NAME = AppIcon;
				CODE_SIGN_IDENTITY = "iPhone Developer";
				CODE_SIGN_STYLE = Automatic;
				CURRENT_PROJECT_VERSION = 1;
				INFOPLIST_FILE = Generated/Info.plist;
				IPHONEOS_DEPLOYMENT_TARGET = 17.0;
				LD_RUNPATH_SEARCH_PATHS = (
					"$(inherited)",
					"@executable_path/Frameworks",
				);
				MARKETING_VERSION = 0.1.0;
				PRODUCT_BUNDLE_IDENTIFIER = com.evoadmissions.app;
				PRODUCT_NAME = "EVO admissions";
				SDKROOT = iphoneos;
				SUPPORTS_MACCATALYST = NO;
				TARGETED_DEVICE_FAMILY = 1;
			};
			name = Debug;
		};
		B6C84763ED668FD71B0D8C20 /* Release */ = {
			isa = XCBuildConfiguration;
			baseConfigurationReference = "TEMP_5D7DB66B-ADE1-4F9E-888A-9D7175713BE5" /* Local.xcconfig */;
			buildSettings = {
				ALWAYS_SEARCH_USER_PATHS = NO;
				ASSETCATALOG_COMPILER_APPICON_NAME = AppIcon;
				ASSETCATALOG_COMPILER_GLOBAL_ACCENT_COLOR_NAME = AccentColor;
				CLANG_ANALYZER_NONNULL = YES;
				CLANG_ANALYZER_NUMBER_OBJECT_CONVERSION = YES_AGGRESSIVE;
				CLANG_CXX_LANGUAGE_STANDARD = "gnu++14";
				CLANG_CXX_LIBRARY = "libc++";
				CLANG_ENABLE_MODULES = YES;
				CLANG_ENABLE_OBJC_ARC = YES;
				CLANG_ENABLE_OBJC_WEAK = YES;
				CLANG_WARN_BLOCK_CAPTURE_AUTORELEASING = YES;
				CLANG_WARN_BOOL_CONVERSION = YES;
				CLANG_WARN_COMMA = YES;
				CLANG_WARN_CONSTANT_CONVERSION = YES;
				CLANG_WARN_DEPRECATED_OBJC_IMPLEMENTATIONS = YES;
				CLANG_WARN_DIRECT_OBJC_ISA_USAGE = YES_ERROR;
				CLANG_WARN_DOCUMENTATION_COMMENTS = YES;
				CLANG_WARN_EMPTY_BODY = YES;
				CLANG_WARN_ENUM_CONVERSION = YES;
				CLANG_WARN_INFINITE_RECURSION = YES;
				CLANG_WARN_INT_CONVERSION = YES;
				CLANG_WARN_NON_LITERAL_NULL_CONVERSION = YES;
				CLANG_WARN_OBJC_IMPLICIT_RETAIN_SELF = YES;
				CLANG_WARN_OBJC_LITERAL_CONVERSION = YES;
				CLANG_WARN_OBJC_ROOT_CLASS = YES_ERROR;
				CLANG_WARN_QUOTED_INCLUDE_IN_FRAMEWORK_HEADER = YES;
				CLANG_WARN_RANGE_LOOP_ANALYSIS = YES;
				CLANG_WARN_STRICT_PROTOTYPES = YES;
				CLANG_WARN_SUSPICIOUS_MOVE = YES;
				CLANG_WARN_UNGUARDED_AVAILABILITY = YES_AGGRESSIVE;
				CLANG_WARN_UNREACHABLE_CODE = YES;
				CLANG_WARN__DUPLICATE_METHOD_MATCH = YES;
				COPY_PHASE_STRIP = NO;
				DEBUG_INFORMATION_FORMAT = "dwarf-with-dsym";
				ENABLE_NS_ASSERTIONS = NO;
				ENABLE_PREVIEWS = YES;
				ENABLE_STRICT_OBJC_MSGSEND = YES;
				GCC_C_LANGUAGE_STANDARD = gnu11;
				GCC_NO_COMMON_BLOCKS = YES;
				GCC_WARN_64_TO_32_BIT_CONVERSION = YES;
				GCC_WARN_ABOUT_RETURN_TYPE = YES_ERROR;
				GCC_WARN_UNDECLARED_SELECTOR = YES;
				GCC_WARN_UNINITIALIZED_AUTOS = YES_AGGRESSIVE;
				GCC_WARN_UNUSED_FUNCTION = YES;
				GCC_WARN_UNUSED_VARIABLE = YES;
				GENERATE_INFOPLIST_FILE = YES;
				IPHONEOS_DEPLOYMENT_TARGET = 17.0;
				MTL_ENABLE_DEBUG_INFO = NO;
				MTL_FAST_MATH = YES;
				PRODUCT_NAME = "$(TARGET_NAME)";
				SDKROOT = iphoneos;
				SWIFT_COMPILATION_MODE = wholemodule;
				SWIFT_EMIT_LOC_STRINGS = YES;
				SWIFT_OPTIMIZATION_LEVEL = "-O";
				SWIFT_VERSION = 5.0;
			};
			name = Release;
		};
		C259227821EB669EED3BA886 /* Debug */ = {
			isa = XCBuildConfiguration;
			buildSettings = {
				BUNDLE_LOADER = "$(TEST_HOST)";
				GENERATE_INFOPLIST_FILE = YES;
				IPHONEOS_DEPLOYMENT_TARGET = 17.0;
				LD_RUNPATH_SEARCH_PATHS = (
					"$(inherited)",
					"@executable_path/Frameworks",
					"@loader_path/Frameworks",
				);
				PRODUCT_BUNDLE_IDENTIFIER = com.evoadmissions.app.tests;
				SDKROOT = iphoneos;
				TARGETED_DEVICE_FAMILY = "1,2";
			};
			name = Debug;
		};
		CB51B4AEA66C9E5C07B5ABA5 /* Release */ = {
			isa = XCBuildConfiguration;
			buildSettings = {
				ASSETCATALOG_COMPILER_APPICON_NAME = AppIcon;
				CODE_SIGN_IDENTITY = "iPhone Developer";
				CODE_SIGN_STYLE = Automatic;
				CURRENT_PROJECT_VERSION = 1;
				INFOPLIST_FILE = Generated/Info.plist;
				IPHONEOS_DEPLOYMENT_TARGET = 17.0;
				LD_RUNPATH_SEARCH_PATHS = (
					"$(inherited)",
					"@executable_path/Frameworks",
				);
				MARKETING_VERSION = 0.1.0;
				PRODUCT_BUNDLE_IDENTIFIER = com.evoadmissions.app;
				PRODUCT_NAME = "EVO admissions";
				SDKROOT = iphoneos;
				SUPPORTS_MACCATALYST = NO;
				TARGETED_DEVICE_FAMILY = 1;
			};
			name = Release;
		};
		E0B068B56EB62772FA29274C /* Release */ = {
			isa = XCBuildConfiguration;
			buildSettings = {
				BUNDLE_LOADER = "$(TEST_HOST)";
				GENERATE_INFOPLIST_FILE = YES;
				IPHONEOS_DEPLOYMENT_TARGET = 17.0;
				LD_RUNPATH_SEARCH_PATHS = (
					"$(inherited)",
					"@executable_path/Frameworks",
					"@loader_path/Frameworks",
				);
				PRODUCT_BUNDLE_IDENTIFIER = com.evoadmissions.app.tests;
				SDKROOT = iphoneos;
				TARGETED_DEVICE_FAMILY = "1,2";
			};
			name = Release;
		};
		F095E5C184A5CF5D3A673C4C /* Debug */ = {
			isa = XCBuildConfiguration;
			baseConfigurationReference = "TEMP_5D7DB66B-ADE1-4F9E-888A-9D7175713BE5" /* Local.xcconfig */;
			buildSettings = {
				ALWAYS_SEARCH_USER_PATHS = NO;
				ASSETCATALOG_COMPILER_APPICON_NAME = AppIcon;
				ASSETCATALOG_COMPILER_GLOBAL_ACCENT_COLOR_NAME = AccentColor;
				CLANG_ANALYZER_NONNULL = YES;
				CLANG_ANALYZER_NUMBER_OBJECT_CONVERSION = YES_AGGRESSIVE;
				CLANG_CXX_LANGUAGE_STANDARD = "gnu++14";
				CLANG_CXX_LIBRARY = "libc++";
				CLANG_ENABLE_MODULES = YES;
				CLANG_ENABLE_OBJC_ARC = YES;
				CLANG_ENABLE_OBJC_WEAK = YES;
				CLANG_WARN_BLOCK_CAPTURE_AUTORELEASING = YES;
				CLANG_WARN_BOOL_CONVERSION = YES;
				CLANG_WARN_COMMA = YES;
				CLANG_WARN_CONSTANT_CONVERSION = YES;
				CLANG_WARN_DEPRECATED_OBJC_IMPLEMENTATIONS = YES;
				CLANG_WARN_DIRECT_OBJC_ISA_USAGE = YES_ERROR;
				CLANG_WARN_DOCUMENTATION_COMMENTS = YES;
				CLANG_WARN_EMPTY_BODY = YES;
				CLANG_WARN_ENUM_CONVERSION = YES;
				CLANG_WARN_INFINITE_RECURSION = YES;
				CLANG_WARN_INT_CONVERSION = YES;
				CLANG_WARN_NON_LITERAL_NULL_CONVERSION = YES;
				CLANG_WARN_OBJC_IMPLICIT_RETAIN_SELF = YES;
				CLANG_WARN_OBJC_LITERAL_CONVERSION = YES;
				CLANG_WARN_OBJC_ROOT_CLASS = YES_ERROR;
				CLANG_WARN_QUOTED_INCLUDE_IN_FRAMEWORK_HEADER = YES;
				CLANG_WARN_RANGE_LOOP_ANALYSIS = YES;
				CLANG_WARN_STRICT_PROTOTYPES = YES;
				CLANG_WARN_SUSPICIOUS_MOVE = YES;
				CLANG_WARN_UNGUARDED_AVAILABILITY = YES_AGGRESSIVE;
				CLANG_WARN_UNREACHABLE_CODE = YES;
				CLANG_WARN__DUPLICATE_METHOD_MATCH = YES;
				COPY_PHASE_STRIP = NO;
				DEBUG_INFORMATION_FORMAT = dwarf;
				ENABLE_PREVIEWS = YES;
				ENABLE_STRICT_OBJC_MSGSEND = YES;
				ENABLE_TESTABILITY = YES;
				GCC_C_LANGUAGE_STANDARD = gnu11;
				GCC_DYNAMIC_NO_PIC = NO;
				GCC_NO_COMMON_BLOCKS = YES;
				GCC_OPTIMIZATION_LEVEL = 0;
				GCC_PREPROCESSOR_DEFINITIONS = (
					"$(inherited)",
					"DEBUG=1",
				);
				GCC_WARN_64_TO_32_BIT_CONVERSION = YES;
				GCC_WARN_ABOUT_RETURN_TYPE = YES_ERROR;
				GCC_WARN_UNDECLARED_SELECTOR = YES;
				GCC_WARN_UNINITIALIZED_AUTOS = YES_AGGRESSIVE;
				GCC_WARN_UNUSED_FUNCTION = YES;
				GCC_WARN_UNUSED_VARIABLE = YES;
				GENERATE_INFOPLIST_FILE = YES;
				IPHONEOS_DEPLOYMENT_TARGET = 17.0;
				MTL_ENABLE_DEBUG_INFO = INCLUDE_SOURCE;
				MTL_FAST_MATH = YES;
				ONLY_ACTIVE_ARCH = YES;
				PRODUCT_NAME = "$(TARGET_NAME)";
				SDKROOT = iphoneos;
				SWIFT_ACTIVE_COMPILATION_CONDITIONS = DEBUG;
				SWIFT_EMIT_LOC_STRINGS = YES;
				SWIFT_OPTIMIZATION_LEVEL = "-Onone";
				SWIFT_VERSION = 5.0;
			};
			name = Debug;
		};
/* End XCBuildConfiguration section */

/* Begin XCConfigurationList section */
		07AFA0C578775A36B106A16E /* Build configuration list for PBXNativeTarget "EVOAdmissionsTests" */ = {
			isa = XCConfigurationList;
			buildConfigurations = (
				C259227821EB669EED3BA886 /* Debug */,
				E0B068B56EB62772FA29274C /* Release */,
			);
			defaultConfigurationIsVisible = 0;
			defaultConfigurationName = Debug;
		};
		0C4D88F3462CE462A5B7A25A /* Build configuration list for PBXProject "EVOAdmissions" */ = {
			isa = XCConfigurationList;
			buildConfigurations = (
				F095E5C184A5CF5D3A673C4C /* Debug */,
				B6C84763ED668FD71B0D8C20 /* Release */,
			);
			defaultConfigurationIsVisible = 0;
			defaultConfigurationName = Debug;
		};
		8CE385B75F1357DF7D3B7DF9 /* Build configuration list for PBXNativeTarget "EVO admissions" */ = {
			isa = XCConfigurationList;
			buildConfigurations = (
				21E90DF4EEE73B191FC7DE04 /* Debug */,
				CB51B4AEA66C9E5C07B5ABA5 /* Release */,
			);
			defaultConfigurationIsVisible = 0;
			defaultConfigurationName = Debug;
		};
/* End XCConfigurationList section */

/* Begin XCRemoteSwiftPackageReference section */
		66B488AC4626F656C60061B0 /* XCRemoteSwiftPackageReference "supabase-swift" */ = {
			isa = XCRemoteSwiftPackageReference;
			repositoryURL = "https://github.com/supabase/supabase-swift";
			requirement = {
				kind = upToNextMajorVersion;
				minimumVersion = 2.0.0;
			};
		};
/* End XCRemoteSwiftPackageReference section */

/* Begin XCSwiftPackageProductDependency section */
		2F2B8B40F10FF70688FD83B9 /* Supabase */ = {
			isa = XCSwiftPackageProductDependency;
			package = 66B488AC4626F656C60061B0 /* XCRemoteSwiftPackageReference "supabase-swift" */;
			productName = Supabase;
		};
/* End XCSwiftPackageProductDependency section */
	};
	rootObject = 48D3E8B1092144ED0DE393C8 /* Project object */;
}
